
Microsoft Visual Studio Solution File, Format Version 12.00
# Visual Studio Version 17
VisualStudioVersion = 17.9.34622.214
MinimumVisualStudioVersion = 10.0.40219.1
Project("{9A19103F-16F7-4668-BE54-9A1E7A4F7556}") = "TCP-IP", "TCP-IP.csproj", "{0332095E-B52C-4D18-BF79-41CD591491AE}"
EndProject
Project("{FAE04EC0-301F-11D3-BF4B-00C04F79EFBC}") = "Client", "..\Client\Client.csproj", "{22F79B98-5FA8-4B54-B748-5C571D31912D}"
EndProject
Global
	GlobalSection(SolutionConfigurationPlatforms) = preSolution
		Debug|Any CPU = Debug|Any CPU
		Release|Any CPU = Release|Any CPU
	EndGlobalSection
	GlobalSection(ProjectConfigurationPlatforms) = postSolution
		{0332095E-B52C-4D18-BF79-41CD591491AE}.Debug|Any CPU.ActiveCfg = Debug|Any CPU
		{0332095E-B52C-4D18-BF79-41CD591491AE}.Debug|Any CPU.Build.0 = Debug|Any CPU
		{0332095E-B52C-4D18-BF79-41CD591491AE}.Release|Any CPU.ActiveCfg = Release|Any CPU
		{0332095E-B52C-4D18-BF79-41CD591491AE}.Release|Any CPU.Build.0 = Release|Any CPU
		{22F79B98-5FA8-4B54-B748-5C571D31912D}.Debug|Any CPU.ActiveCfg = Debug|Any CPU
		{22F79B98-5FA8-4B54-B748-5C571D31912D}.Debug|Any CPU.Build.0 = Debug|Any CPU
		{22F79B98-5FA8-4B54-B748-5C571D31912D}.Release|Any CPU.ActiveCfg = Release|Any CPU
		{22F79B98-5FA8-4B54-B748-5C571D31912D}.Release|Any CPU.Build.0 = Release|Any CPU
	EndGlobalSection
	GlobalSection(SolutionProperties) = preSolution
		HideSolutionNode = FALSE
	EndGlobalSection
	GlobalSection(ExtensibilityGlobals) = postSolution
		SolutionGuid = {8BD3B1CA-436D-4C0B-BE60-1DFF2C8F02ED}
	EndGlobalSection
EndGlobal
